
Microsoft Visual Studio Solution File, Format Version 12.00
# Visual Studio Version 16
VisualStudioVersion = 16.0.31321.278
MinimumVisualStudioVersion = 10.0.40219.1
Project("{FAE04EC0-301F-11D3-BF4B-00C04F79EFBC}") = "CryptoMarketDataAPI", "CryptoMarketDataAPI\CryptoMarketDataAPI.csproj", "{D31E279C-7F21-471B-9746-03F2E38A0A09}"
EndProject
Project("{FAE04EC0-301F-11D3-BF4B-00C04F79EFBC}") = "CryptoMarketDataBackgroundServices", "CryptoMarketDataBackgroundServices\CryptoMarketDataBackgroundServices.csproj", "{852EE9B6-6C9D-4E70-97FE-0D3B91211740}"
EndProject
Project("{FAE04EC0-301F-11D3-BF4B-00C04F79EFBC}") = "CryptoMarketDataDAL", "CryptoMarketDataDAL\CryptoMarketDataDAL.csproj", "{EBF19B15-E1F5-445E-81EE-6C81185C18F8}"
EndProject
Global
	GlobalSection(SolutionConfigurationPlatforms) = preSolution
		Debug|Any CPU = Debug|Any CPU
		Release|Any CPU = Release|Any CPU
	EndGlobalSection
	GlobalSection(ProjectConfigurationPlatforms) = postSolution
		{D31E279C-7F21-471B-9746-03F2E38A0A09}.Debug|Any CPU.ActiveCfg = Debug|Any CPU
		{D31E279C-7F21-471B-9746-03F2E38A0A09}.Debug|Any CPU.Build.0 = Debug|Any CPU
		{D31E279C-7F21-471B-9746-03F2E38A0A09}.Release|Any CPU.ActiveCfg = Release|Any CPU
		{D31E279C-7F21-471B-9746-03F2E38A0A09}.Release|Any CPU.Build.0 = Release|Any CPU
		{852EE9B6-6C9D-4E70-97FE-0D3B91211740}.Debug|Any CPU.ActiveCfg = Debug|Any CPU
		{852EE9B6-6C9D-4E70-97FE-0D3B91211740}.Debug|Any CPU.Build.0 = Debug|Any CPU
		{852EE9B6-6C9D-4E70-97FE-0D3B91211740}.Release|Any CPU.ActiveCfg = Release|Any CPU
		{852EE9B6-6C9D-4E70-97FE-0D3B91211740}.Release|Any CPU.Build.0 = Release|Any CPU
		{EBF19B15-E1F5-445E-81EE-6C81185C18F8}.Debug|Any CPU.ActiveCfg = Debug|Any CPU
		{EBF19B15-E1F5-445E-81EE-6C81185C18F8}.Debug|Any CPU.Build.0 = Debug|Any CPU
		{EBF19B15-E1F5-445E-81EE-6C81185C18F8}.Release|Any CPU.ActiveCfg = Release|Any CPU
		{EBF19B15-E1F5-445E-81EE-6C81185C18F8}.Release|Any CPU.Build.0 = Release|Any CPU
	EndGlobalSection
	GlobalSection(SolutionProperties) = preSolution
		HideSolutionNode = FALSE
	EndGlobalSection
	GlobalSection(ExtensibilityGlobals) = postSolution
		SolutionGuid = {28CDCAE6-F671-4B9A-8C87-A27C53D58EB4}
	EndGlobalSection
EndGlobal
